
Microsoft Visual Studio Solution File, Format Version 12.00
# Visual Studio Version 16
VisualStudioVersion = 16.0.29503.13
MinimumVisualStudioVersion = 10.0.40219.1
Project("{FAE04EC0-301F-11D3-BF4B-00C04F79EFBC}") = "DebugToolCSharp", "DebugToolCSharp.csproj", "{04B4C44A-B50D-45E7-A3AE-B3A9365F72FE}"
EndProject
Global
	GlobalSection(SolutionConfigurationPlatforms) = preSolution
		Debug|Any CPU = Debug|Any CPU
		Release|Any CPU = Release|Any CPU
	EndGlobalSection
	GlobalSection(ProjectConfigurationPlatforms) = postSolution
		{04B4C44A-B50D-45E7-A3AE-B3A9365F72FE}.Debug|Any CPU.ActiveCfg = Debug|Any CPU
		{04B4C44A-B50D-45E7-A3AE-B3A9365F72FE}.Debug|Any CPU.Build.0 = Debug|Any CPU
		{04B4C44A-B50D-45E7-A3AE-B3A9365F72FE}.Release|Any CPU.ActiveCfg = Release|Any CPU
		{04B4C44A-B50D-45E7-A3AE-B3A9365F72FE}.Release|Any CPU.Build.0 = Release|Any CPU
	EndGlobalSection
	GlobalSection(SolutionProperties) = preSolution
		HideSolutionNode = FALSE
	EndGlobalSection
	GlobalSection(ExtensibilityGlobals) = postSolution
		SolutionGuid = {F04A72B9-57C0-43A7-9D53-AD3E0194457E}
	EndGlobalSection
EndGlobal
